// !$*UTF8*$!
{
	archiveVersion = 1;
	classes = {
	};
	objectVersion = 56;
	objects = {

/* Begin PBXBuildFile section */
		385AB2B32C9AA68700759A38 /* HomeViewModel.swift in Sources */ = {isa = PBXBuildFile; fileRef = 385AB2B22C9AA68700759A38 /* HomeViewModel.swift */; };
		385AB2B52C9AA6B000759A38 /* AddPasswordView.swift in Sources */ = {isa = PBXBuildFile; fileRef = 385AB2B42C9AA6B000759A38 /* AddPasswordView.swift */; };
		385AB2B72C9AA6EF00759A38 /* PasswordDetailView.swift in Sources */ = {isa = PBXBuildFile; fileRef = 385AB2B62C9AA6EF00759A38 /* PasswordDetailView.swift */; };
		385AB2B92C9AA71800759A38 /* PasswordStrengthView.swift in Sources */ = {isa = PBXBuildFile; fileRef = 385AB2B82C9AA71800759A38 /* PasswordStrengthView.swift */; };
		3862A6DC2C9997F1009AD567 /* ChainTechDemoApp.swift in Sources */ = {isa = PBXBuildFile; fileRef = 3862A6DB2C9997F1009AD567 /* ChainTechDemoApp.swift */; };
		3862A6E02C9997F5009AD567 /* Assets.xcassets in Resources */ = {isa = PBXBuildFile; fileRef = 3862A6DF2C9997F5009AD567 /* Assets.xcassets */; };
		3862A6E32C9997F5009AD567 /* Preview Assets.xcassets in Resources */ = {isa = PBXBuildFile; fileRef = 3862A6E22C9997F5009AD567 /* Preview Assets.xcassets */; };
		3862A6E52C9997F5009AD567 /* Persistence.swift in Sources */ = {isa = PBXBuildFile; fileRef = 3862A6E42C9997F5009AD567 /* Persistence.swift */; };
		3862A6E82C9997F5009AD567 /* ChainTechDemo.xcdatamodeld in Sources */ = {isa = PBXBuildFile; fileRef = 3862A6E62C9997F5009AD567 /* ChainTechDemo.xcdatamodeld */; };
		3862A6F22C9997F5009AD567 /* ChainTechDemoTests.swift in Sources */ = {isa = PBXBuildFile; fileRef = 3862A6F12C9997F5009AD567 /* ChainTechDemoTests.swift */; };
		3862A6FC2C9997F5009AD567 /* ChainTechDemoUITests.swift in Sources */ = {isa = PBXBuildFile; fileRef = 3862A6FB2C9997F5009AD567 /* ChainTechDemoUITests.swift */; };
		3862A6FE2C9997F5009AD567 /* ChainTechDemoUITestsLaunchTests.swift in Sources */ = {isa = PBXBuildFile; fileRef = 3862A6FD2C9997F5009AD567 /* ChainTechDemoUITestsLaunchTests.swift */; };
		3862A70E2C99A3BE009AD567 /* EncryptionManager.swift in Sources */ = {isa = PBXBuildFile; fileRef = 3862A70D2C99A3BE009AD567 /* EncryptionManager.swift */; };
		3862A7102C99A5C6009AD567 /* PasswordManager.swift in Sources */ = {isa = PBXBuildFile; fileRef = 3862A70F2C99A5C6009AD567 /* PasswordManager.swift */; };
		3862A7132C99A7D9009AD567 /* HomeView.swift in Sources */ = {isa = PBXBuildFile; fileRef = 3862A7122C99A7D9009AD567 /* HomeView.swift */; };
		3862A7162C99C1E1009AD567 /* Color+Hex.swift in Sources */ = {isa = PBXBuildFile; fileRef = 3862A7152C99C1E1009AD567 /* Color+Hex.swift */; };
/* End PBXBuildFile section */

/* Begin PBXContainerItemProxy section */
		3862A6EE2C9997F5009AD567 /* PBXContainerItemProxy */ = {
			isa = PBXContainerItemProxy;
			containerPortal = 3862A6D02C9997F1009AD567 /* Project object */;
			proxyType = 1;
			remoteGlobalIDString = 3862A6D72C9997F1009AD567;
			remoteInfo = ChainTechDemo;
		};
		3862A6F82C9997F5009AD567 /* PBXContainerItemProxy */ = {
			isa = PBXContainerItemProxy;
			containerPortal = 3862A6D02C9997F1009AD567 /* Project object */;
			proxyType = 1;
			remoteGlobalIDString = 3862A6D72C9997F1009AD567;
			remoteInfo = ChainTechDemo;
		};
/* End PBXContainerItemProxy section */

/* Begin PBXFileReference section */
		385AB2B22C9AA68700759A38 /* HomeViewModel.swift */ = {isa = PBXFileReference; lastKnownFileType = sourcecode.swift; path = HomeViewModel.swift; sourceTree = "<group>"; };
		385AB2B42C9AA6B000759A38 /* AddPasswordView.swift */ = {isa = PBXFileReference; lastKnownFileType = sourcecode.swift; path = AddPasswordView.swift; sourceTree = "<group>"; };
		385AB2B62C9AA6EF00759A38 /* PasswordDetailView.swift */ = {isa = PBXFileReference; lastKnownFileType = sourcecode.swift; path = PasswordDetailView.swift; sourceTree = "<group>"; };
		385AB2B82C9AA71800759A38 /* PasswordStrengthView.swift */ = {isa = PBXFileReference; lastKnownFileType = sourcecode.swift; path = PasswordStrengthView.swift; sourceTree = "<group>"; };
		3862A6D82C9997F1009AD567 /* ChainTechDemo.app */ = {isa = PBXFileReference; explicitFileType = wrapper.application; includeInIndex = 0; path = ChainTechDemo.app; sourceTree = BUILT_PRODUCTS_DIR; };
		3862A6DB2C9997F1009AD567 /* ChainTechDemoApp.swift */ = {isa = PBXFileReference; lastKnownFileType = sourcecode.swift; path = ChainTechDemoApp.swift; sourceTree = "<group>"; };
		3862A6DF2C9997F5009AD567 /* Assets.xcassets */ = {isa = PBXFileReference; lastKnownFileType = folder.assetcatalog; path = Assets.xcassets; sourceTree = "<group>"; };
		3862A6E22C9997F5009AD567 /* Preview Assets.xcassets */ = {isa = PBXFileReference; lastKnownFileType = folder.assetcatalog; path = "Preview Assets.xcassets"; sourceTree = "<group>"; };
		3862A6E42C9997F5009AD567 /* Persistence.swift */ = {isa = PBXFileReference; lastKnownFileType = sourcecode.swift; path = Persistence.swift; sourceTree = "<group>"; };
		3862A6E72C9997F5009AD567 /* ChainTechDemo.xcdatamodel */ = {isa = PBXFileReference; lastKnownFileType = wrapper.xcdatamodel; path = ChainTechDemo.xcdatamodel; sourceTree = "<group>"; };
		3862A6ED2C9997F5009AD567 /* ChainTechDemoTests.xctest */ = {isa = PBXFileReference; explicitFileType = wrapper.cfbundle; includeInIndex = 0; path = ChainTechDemoTests.xctest; sourceTree = BUILT_PRODUCTS_DIR; };
		3862A6F12C9997F5009AD567 /* ChainTechDemoTests.swift */ = {isa = PBXFileReference; lastKnownFileType = sourcecode.swift; path = ChainTechDemoTests.swift; sourceTree = "<group>"; };
		3862A6F72C9997F5009AD567 /* ChainTechDemoUITests.xctest */ = {isa = PBXFileReference; explicitFileType = wrapper.cfbundle; includeInIndex = 0; path = ChainTechDemoUITests.xctest; sourceTree = BUILT_PRODUCTS_DIR; };
		3862A6FB2C9997F5009AD567 /* ChainTechDemoUITests.swift */ = {isa = PBXFileReference; lastKnownFileType = sourcecode.swift; path = ChainTechDemoUITests.swift; sourceTree = "<group>"; };
		3862A6FD2C9997F5009AD567 /* ChainTechDemoUITestsLaunchTests.swift */ = {isa = PBXFileReference; lastKnownFileType = sourcecode.swift; path = ChainTechDemoUITestsLaunchTests.swift; sourceTree = "<group>"; };
		3862A70D2C99A3BE009AD567 /* EncryptionManager.swift */ = {isa = PBXFileReference; lastKnownFileType = sourcecode.swift; path = EncryptionManager.swift; sourceTree = "<group>"; };
		3862A70F2C99A5C6009AD567 /* PasswordManager.swift */ = {isa = PBXFileReference; lastKnownFileType = sourcecode.swift; path = PasswordManager.swift; sourceTree = "<group>"; };
		3862A7122C99A7D9009AD567 /* HomeView.swift */ = {isa = PBXFileReference; lastKnownFileType = sourcecode.swift; path = HomeView.swift; sourceTree = "<group>"; };
		3862A7152C99C1E1009AD567 /* Color+Hex.swift */ = {isa = PBXFileReference; lastKnownFileType = sourcecode.swift; path = "Color+Hex.swift"; sourceTree = "<group>"; };
/* End PBXFileReference section */

/* Begin PBXFrameworksBuildPhase section */
		3862A6D52C9997F1009AD567 /* Frameworks */ = {
			isa = PBXFrameworksBuildPhase;
			buildActionMask = 2147483647;
			files = (
			);
			runOnlyForDeploymentPostprocessing = 0;
		};
		3862A6EA2C9997F5009AD567 /* Frameworks */ = {
			isa = PBXFrameworksBuildPhase;
			buildActionMask = 2147483647;
			files = (
			);
			runOnlyForDeploymentPostprocessing = 0;
		};
		3862A6F42C9997F5009AD567 /* Frameworks */ = {
			isa = PBXFrameworksBuildPhase;
			buildActionMask = 2147483647;
			files = (
			);
			runOnlyForDeploymentPostprocessing = 0;
		};
/* End PBXFrameworksBuildPhase section */

/* Begin PBXGroup section */
		385AB2B02C9AA66B00759A38 /* Views */ = {
			isa = PBXGroup;
			children = (
				3862A7122C99A7D9009AD567 /* HomeView.swift */,
				385AB2B42C9AA6B000759A38 /* AddPasswordView.swift */,
				385AB2B62C9AA6EF00759A38 /* PasswordDetailView.swift */,
				385AB2B82C9AA71800759A38 /* PasswordStrengthView.swift */,
			);
			path = Views;
			sourceTree = "<group>";
		};
		385AB2B12C9AA66F00759A38 /* ViewModels */ = {
			isa = PBXGroup;
			children = (
				385AB2B22C9AA68700759A38 /* HomeViewModel.swift */,
			);
			path = ViewModels;
			sourceTree = "<group>";
		};
		385AB2BA2C9AAF6400759A38 /* Models */ = {
			isa = PBXGroup;
			children = (
				3862A6E62C9997F5009AD567 /* ChainTechDemo.xcdatamodeld */,
			);
			path = Models;
			sourceTree = "<group>";
		};
		3862A6CF2C9997F1009AD567 = {
			isa = PBXGroup;
			children = (
				3862A6DA2C9997F1009AD567 /* ChainTechDemo */,
				3862A6F02C9997F5009AD567 /* ChainTechDemoTests */,
				3862A6FA2C9997F5009AD567 /* ChainTechDemoUITests */,
				3862A6D92C9997F1009AD567 /* Products */,
			);
			sourceTree = "<group>";
		};
		3862A6D92C9997F1009AD567 /* Products */ = {
			isa = PBXGroup;
			children = (
				3862A6D82C9997F1009AD567 /* ChainTechDemo.app */,
				3862A6ED2C9997F5009AD567 /* ChainTechDemoTests.xctest */,
				3862A6F72C9997F5009AD567 /* ChainTechDemoUITests.xctest */,
			);
			name = Products;
			sourceTree = "<group>";
		};
		3862A6DA2C9997F1009AD567 /* ChainTechDemo */ = {
			isa = PBXGroup;
			children = (
				3862A7142C99C186009AD567 /* Extensions */,
				3862A70C2C99A397009AD567 /* Managers */,
				3862A70B2C99A38E009AD567 /* App */,
				3862A70A2C99A381009AD567 /* Core */,
				3862A6DF2C9997F5009AD567 /* Assets.xcassets */,
				3862A6E12C9997F5009AD567 /* Preview Content */,
			);
			path = ChainTechDemo;
			sourceTree = "<group>";
		};
		3862A6E12C9997F5009AD567 /* Preview Content */ = {
			isa = PBXGroup;
			children = (
				3862A6E22C9997F5009AD567 /* Preview Assets.xcassets */,
			);
			path = "Preview Content";
			sourceTree = "<group>";
		};
		3862A6F02C9997F5009AD567 /* ChainTechDemoTests */ = {
			isa = PBXGroup;
			children = (
				3862A6F12C9997F5009AD567 /* ChainTechDemoTests.swift */,
			);
			path = ChainTechDemoTests;
			sourceTree = "<group>";
		};
		3862A6FA2C9997F5009AD567 /* ChainTechDemoUITests */ = {
			isa = PBXGroup;
			children = (
				3862A6FB2C9997F5009AD567 /* ChainTechDemoUITests.swift */,
				3862A6FD2C9997F5009AD567 /* ChainTechDemoUITestsLaunchTests.swift */,
			);
			path = ChainTechDemoUITests;
			sourceTree = "<group>";
		};
		3862A70A2C99A381009AD567 /* Core */ = {
			isa = PBXGroup;
			children = (
				3862A7112C99A7CB009AD567 /* Home */,
			);
			path = Core;
			sourceTree = "<group>";
		};
		3862A70B2C99A38E009AD567 /* App */ = {
			isa = PBXGroup;
			children = (
				3862A6DB2C9997F1009AD567 /* ChainTechDemoApp.swift */,
			);
			path = App;
			sourceTree = "<group>";
		};
		3862A70C2C99A397009AD567 /* Managers */ = {
			isa = PBXGroup;
			children = (
				3862A6E42C9997F5009AD567 /* Persistence.swift */,
				3862A70D2C99A3BE009AD567 /* EncryptionManager.swift */,
				3862A70F2C99A5C6009AD567 /* PasswordManager.swift */,
			);
			path = Managers;
			sourceTree = "<group>";
		};
		3862A7112C99A7CB009AD567 /* Home */ = {
			isa = PBXGroup;
			children = (
				385AB2BA2C9AAF6400759A38 /* Models */,
				385AB2B12C9AA66F00759A38 /* ViewModels */,
				385AB2B02C9AA66B00759A38 /* Views */,
			);
			path = Home;
			sourceTree = "<group>";
		};
		3862A7142C99C186009AD567 /* Extensions */ = {
			isa = PBXGroup;
			children = (
				3862A7152C99C1E1009AD567 /* Color+Hex.swift */,
			);
			path = Extensions;
			sourceTree = "<group>";
		};
/* End PBXGroup section */

/* Begin PBXNativeTarget section */
		3862A6D72C9997F1009AD567 /* ChainTechDemo */ = {
			isa = PBXNativeTarget;
			buildConfigurationList = 3862A7012C9997F5009AD567 /* Build configuration list for PBXNativeTarget "ChainTechDemo" */;
			buildPhases = (
				3862A6D42C9997F1009AD567 /* Sources */,
				3862A6D52C9997F1009AD567 /* Frameworks */,
				3862A6D62C9997F1009AD567 /* Resources */,
			);
			buildRules = (
			);
			dependencies = (
			);
			name = ChainTechDemo;
			productName = ChainTechDemo;
			productReference = 3862A6D82C9997F1009AD567 /* ChainTechDemo.app */;
			productType = "com.apple.product-type.application";
		};
		3862A6EC2C9997F5009AD567 /* ChainTechDemoTests */ = {
			isa = PBXNativeTarget;
			buildConfigurationList = 3862A7042C9997F5009AD567 /* Build configuration list for PBXNativeTarget "ChainTechDemoTests" */;
			buildPhases = (
				3862A6E92C9997F5009AD567 /* Sources */,
				3862A6EA2C9997F5009AD567 /* Frameworks */,
				3862A6EB2C9997F5009AD567 /* Resources */,
			);
			buildRules = (
			);
			dependencies = (
				3862A6EF2C9997F5009AD567 /* PBXTargetDependency */,
			);
			name = ChainTechDemoTests;
			productName = ChainTechDemoTests;
			productReference = 3862A6ED2C9997F5009AD567 /* ChainTechDemoTests.xctest */;
			productType = "com.apple.product-type.bundle.unit-test";
		};
		3862A6F62C9997F5009AD567 /* ChainTechDemoUITests */ = {
			isa = PBXNativeTarget;
			buildConfigurationList = 3862A7072C9997F5009AD567 /* Build configuration list for PBXNativeTarget "ChainTechDemoUITests" */;
			buildPhases = (
				3862A6F32C9997F5009AD567 /* Sources */,
				3862A6F42C9997F5009AD567 /* Frameworks */,
				3862A6F52C9997F5009AD567 /* Resources */,
			);
			buildRules = (
			);
			dependencies = (
				3862A6F92C9997F5009AD567 /* PBXTargetDependency */,
			);
			name = ChainTechDemoUITests;
			productName = ChainTechDemoUITests;
			productReference = 3862A6F72C9997F5009AD567 /* ChainTechDemoUITests.xctest */;
			productType = "com.apple.product-type.bundle.ui-testing";
		};
/* End PBXNativeTarget section */

/* Begin PBXProject section */
		3862A6D02C9997F1009AD567 /* Project object */ = {
			isa = PBXProject;
			attributes = {
				BuildIndependentTargetsInParallel = 1;
				LastSwiftUpdateCheck = 1540;
				LastUpgradeCheck = 1540;
				TargetAttributes = {
					3862A6D72C9997F1009AD567 = {
						CreatedOnToolsVersion = 15.4;
					};
					3862A6EC2C9997F5009AD567 = {
						CreatedOnToolsVersion = 15.4;
						TestTargetID = 3862A6D72C9997F1009AD567;
					};
					3862A6F62C9997F5009AD567 = {
						CreatedOnToolsVersion = 15.4;
						TestTargetID = 3862A6D72C9997F1009AD567;
					};
				};
			};
			buildConfigurationList = 3862A6D32C9997F1009AD567 /* Build configuration list for PBXProject "ChainTechDemo" */;
			compatibilityVersion = "Xcode 14.0";
			developmentRegion = en;
			hasScannedForEncodings = 0;
			knownRegions = (
				en,
				Base,
			);
			mainGroup = 3862A6CF2C9997F1009AD567;
			productRefGroup = 3862A6D92C9997F1009AD567 /* Products */;
			projectDirPath = "";
			projectRoot = "";
			targets = (
				3862A6D72C9997F1009AD567 /* ChainTechDemo */,
				3862A6EC2C9997F5009AD567 /* ChainTechDemoTests */,
				3862A6F62C9997F5009AD567 /* ChainTechDemoUITests */,
			);
		};
/* End PBXProject section */

/* Begin PBXResourcesBuildPhase section */
		3862A6D62C9997F1009AD567 /* Resources */ = {
			isa = PBXResourcesBuildPhase;
			buildActionMask = 2147483647;
			files = (
				3862A6E32C9997F5009AD567 /* Preview Assets.xcassets in Resources */,
				3862A6E02C9997F5009AD567 /* Assets.xcassets in Resources */,
			);
			runOnlyForDeploymentPostprocessing = 0;
		};
		3862A6EB2C9997F5009AD567 /* Resources */ = {
			isa = PBXResourcesBuildPhase;
			buildActionMask = 2147483647;
			files = (
			);
			runOnlyForDeploymentPostprocessing = 0;
		};
		3862A6F52C9997F5009AD567 /* Resources */ = {
			isa = PBXResourcesBuildPhase;
			buildActionMask = 2147483647;
			files = (
			);
			runOnlyForDeploymentPostprocessing = 0;
		};
/* End PBXResourcesBuildPhase section */

/* Begin PBXSourcesBuildPhase section */
		3862A6D42C9997F1009AD567 /* Sources */ = {
			isa = PBXSourcesBuildPhase;
			buildActionMask = 2147483647;
			files = (
				385AB2B72C9AA6EF00759A38 /* PasswordDetailView.swift in Sources */,
				3862A7102C99A5C6009AD567 /* PasswordManager.swift in Sources */,
				385AB2B92C9AA71800759A38 /* PasswordStrengthView.swift in Sources */,
				385AB2B32C9AA68700759A38 /* HomeViewModel.swift in Sources */,
				3862A7162C99C1E1009AD567 /* Color+Hex.swift in Sources */,
				3862A7132C99A7D9009AD567 /* HomeView.swift in Sources */,
				3862A6E52C9997F5009AD567 /* Persistence.swift in Sources */,
				385AB2B52C9AA6B000759A38 /* AddPasswordView.swift in Sources */,
				3862A6E82C9997F5009AD567 /* ChainTechDemo.xcdatamodeld in Sources */,
				3862A70E2C99A3BE009AD567 /* EncryptionManager.swift in Sources */,
				3862A6DC2C9997F1009AD567 /* ChainTechDemoApp.swift in Sources */,
			);
			runOnlyForDeploymentPostprocessing = 0;
		};
		3862A6E92C9997F5009AD567 /* Sources */ = {
			isa = PBXSourcesBuildPhase;
			buildActionMask = 2147483647;
			files = (
				3862A6F22C9997F5009AD567 /* ChainTechDemoTests.swift in Sources */,
			);
			runOnlyForDeploymentPostprocessing = 0;
		};
		3862A6F32C9997F5009AD567 /* Sources */ = {
			isa = PBXSourcesBuildPhase;
			buildActionMask = 2147483647;
			files = (
				3862A6FC2C9997F5009AD567 /* ChainTechDemoUITests.swift in Sources */,
				3862A6FE2C9997F5009AD567 /* ChainTechDemoUITestsLaunchTests.swift in Sources */,
			);
			runOnlyForDeploymentPostprocessing = 0;
		};
/* End PBXSourcesBuildPhase section */

/* Begin PBXTargetDependency section */
		3862A6EF2C9997F5009AD567 /* PBXTargetDependency */ = {
			isa = PBXTargetDependency;
			target = 3862A6D72C9997F1009AD567 /* ChainTechDemo */;
			targetProxy = 3862A6EE2C9997F5009AD567 /* PBXContainerItemProxy */;
		};
		3862A6F92C9997F5009AD567 /* PBXTargetDependency */ = {
			isa = PBXTargetDependency;
			target = 3862A6D72C9997F1009AD567 /* ChainTechDemo */;
			targetProxy = 3862A6F82C9997F5009AD567 /* PBXContainerItemProxy */;
		};
/* End PBXTargetDependency section */

/* Begin XCBuildConfiguration section */
		3862A6FF2C9997F5009AD567 /* Debug */ = {
			isa = XCBuildConfiguration;
			buildSettings = {
				ALWAYS_SEARCH_USER_PATHS = NO;
				ASSETCATALOG_COMPILER_GENERATE_SWIFT_ASSET_SYMBOL_EXTENSIONS = YES;
				CLANG_ANALYZER_NONNULL = YES;
				CLANG_ANALYZER_NUMBER_OBJECT_CONVERSION = YES_AGGRESSIVE;
				CLANG_CXX_LANGUAGE_STANDARD = "gnu++20";
				CLANG_ENABLE_MODULES = YES;
				CLANG_ENABLE_OBJC_ARC = YES;
				CLANG_ENABLE_OBJC_WEAK = YES;
				CLANG_WARN_BLOCK_CAPTURE_AUTORELEASING = YES;
				CLANG_WARN_BOOL_CONVERSION = YES;
				CLANG_WARN_COMMA = YES;
				CLANG_WARN_CONSTANT_CONVERSION = YES;
				CLANG_WARN_DEPRECATED_OBJC_IMPLEMENTATIONS = YES;
				CLANG_WARN_DIRECT_OBJC_ISA_USAGE = YES_ERROR;
				CLANG_WARN_DOCUMENTATION_COMMENTS = YES;
				CLANG_WARN_EMPTY_BODY = YES;
				CLANG_WARN_ENUM_CONVERSION = YES;
				CLANG_WARN_INFINITE_RECURSION = YES;
				CLANG_WARN_INT_CONVERSION = YES;
				CLANG_WARN_NON_LITERAL_NULL_CONVERSION = YES;
				CLANG_WARN_OBJC_IMPLICIT_RETAIN_SELF = YES;
				CLANG_WARN_OBJC_LITERAL_CONVERSION = YES;
				CLANG_WARN_OBJC_ROOT_CLASS = YES_ERROR;
				CLANG_WARN_QUOTED_INCLUDE_IN_FRAMEWORK_HEADER = YES;
				CLANG_WARN_RANGE_LOOP_ANALYSIS = YES;
				CLANG_WARN_STRICT_PROTOTYPES = YES;
				CLANG_WARN_SUSPICIOUS_MOVE = YES;
				CLANG_WARN_UNGUARDED_AVAILABILITY = YES_AGGRESSIVE;
				CLANG_WARN_UNREACHABLE_CODE = YES;
				CLANG_WARN__DUPLICATE_METHOD_MATCH = YES;
				COPY_PHASE_STRIP = NO;
				DEBUG_INFORMATION_FORMAT = dwarf;
				ENABLE_STRICT_OBJC_MSGSEND = YES;
				ENABLE_TESTABILITY = YES;
				ENABLE_USER_SCRIPT_SANDBOXING = YES;
				GCC_C_LANGUAGE_STANDARD = gnu17;
				GCC_DYNAMIC_NO_PIC = NO;
				GCC_NO_COMMON_BLOCKS = YES;
				GCC_OPTIMIZATION_LEVEL = 0;
				GCC_PREPROCESSOR_DEFINITIONS = (
					"DEBUG=1",
					"$(inherited)",
				);
				GCC_WARN_64_TO_32_BIT_CONVERSION = YES;
				GCC_WARN_ABOUT_RETURN_TYPE = YES_ERROR;
				GCC_WARN_UNDECLARED_SELECTOR = YES;
				GCC_WARN_UNINITIALIZED_AUTOS = YES_AGGRESSIVE;
				GCC_WARN_UNUSED_FUNCTION = YES;
				GCC_WARN_UNUSED_VARIABLE = YES;
				IPHONEOS_DEPLOYMENT_TARGET = 17.5;
				LOCALIZATION_PREFERS_STRING_CATALOGS = YES;
				MTL_ENABLE_DEBUG_INFO = INCLUDE_SOURCE;
				MTL_FAST_MATH = YES;
				ONLY_ACTIVE_ARCH = YES;
				SDKROOT = iphoneos;
				SWIFT_ACTIVE_COMPILATION_CONDITIONS = "DEBUG $(inherited)";
				SWIFT_OPTIMIZATION_LEVEL = "-Onone";
			};
			name = Debug;
		};
		3862A7002C9997F5009AD567 /* Release */ = {
			isa = XCBuildConfiguration;
			buildSettings = {
				ALWAYS_SEARCH_USER_PATHS = NO;
				ASSETCATALOG_COMPILER_GENERATE_SWIFT_ASSET_SYMBOL_EXTENSIONS = YES;
				CLANG_ANALYZER_NONNULL = YES;
				CLANG_ANALYZER_NUMBER_OBJECT_CONVERSION = YES_AGGRESSIVE;
				CLANG_CXX_LANGUAGE_STANDARD = "gnu++20";
				CLANG_ENABLE_MODULES = YES;
				CLANG_ENABLE_OBJC_ARC = YES;
				CLANG_ENABLE_OBJC_WEAK = YES;
				CLANG_WARN_BLOCK_CAPTURE_AUTORELEASING = YES;
				CLANG_WARN_BOOL_CONVERSION = YES;
				CLANG_WARN_COMMA = YES;
				CLANG_WARN_CONSTANT_CONVERSION = YES;
				CLANG_WARN_DEPRECATED_OBJC_IMPLEMENTATIONS = YES;
				CLANG_WARN_DIRECT_OBJC_ISA_USAGE = YES_ERROR;
				CLANG_WARN_DOCUMENTATION_COMMENTS = YES;
				CLANG_WARN_EMPTY_BODY = YES;
				CLANG_WARN_ENUM_CONVERSION = YES;
				CLANG_WARN_INFINITE_RECURSION = YES;
				CLANG_WARN_INT_CONVERSION = YES;
				CLANG_WARN_NON_LITERAL_NULL_CONVERSION = YES;
				CLANG_WARN_OBJC_IMPLICIT_RETAIN_SELF = YES;
				CLANG_WARN_OBJC_LITERAL_CONVERSION = YES;
				CLANG_WARN_OBJC_ROOT_CLASS = YES_ERROR;
				CLANG_WARN_QUOTED_INCLUDE_IN_FRAMEWORK_HEADER = YES;
				CLANG_WARN_RANGE_LOOP_ANALYSIS = YES;
				CLANG_WARN_STRICT_PROTOTYPES = YES;
				CLANG_WARN_SUSPICIOUS_MOVE = YES;
				CLANG_WARN_UNGUARDED_AVAILABILITY = YES_AGGRESSIVE;
				CLANG_WARN_UNREACHABLE_CODE = YES;
				CLANG_WARN__DUPLICATE_METHOD_MATCH = YES;
				COPY_PHASE_STRIP = NO;
				DEBUG_INFORMATION_FORMAT = "dwarf-with-dsym";
				ENABLE_NS_ASSERTIONS = NO;
				ENABLE_STRICT_OBJC_MSGSEND = YES;
				ENABLE_USER_SCRIPT_SANDBOXING = YES;
				GCC_C_LANGUAGE_STANDARD = gnu17;
				GCC_NO_COMMON_BLOCKS = YES;
				GCC_WARN_64_TO_32_BIT_CONVERSION = YES;
				GCC_WARN_ABOUT_RETURN_TYPE = YES_ERROR;
				GCC_WARN_UNDECLARED_SELECTOR = YES;
				GCC_WARN_UNINITIALIZED_AUTOS = YES_AGGRESSIVE;
				GCC_WARN_UNUSED_FUNCTION = YES;
				GCC_WARN_UNUSED_VARIABLE = YES;
				IPHONEOS_DEPLOYMENT_TARGET = 17.5;
				LOCALIZATION_PREFERS_STRING_CATALOGS = YES;
				MTL_ENABLE_DEBUG_INFO = NO;
				MTL_FAST_MATH = YES;
				SDKROOT = iphoneos;
				SWIFT_COMPILATION_MODE = wholemodule;
				VALIDATE_PRODUCT = YES;
			};
			name = Release;
		};
		3862A7022C9997F5009AD567 /* Debug */ = {
			isa = XCBuildConfiguration;
			buildSettings = {
				ASSETCATALOG_COMPILER_APPICON_NAME = AppIcon;
				ASSETCATALOG_COMPILER_GLOBAL_ACCENT_COLOR_NAME = AccentColor;
				CODE_SIGN_STYLE = Automatic;
				CURRENT_PROJECT_VERSION = 1;
				DEVELOPMENT_ASSET_PATHS = "\"ChainTechDemo/Preview Content\"";
				DEVELOPMENT_TEAM = W67H4LNHQ4;
				ENABLE_PREVIEWS = YES;
				GENERATE_INFOPLIST_FILE = YES;
				INFOPLIST_KEY_NSFaceIDUsageDescription = "\"We use Face ID to authenticate your identity securely and protect your data.";
				INFOPLIST_KEY_UIApplicationSceneManifest_Generation = YES;
				INFOPLIST_KEY_UIApplicationSupportsIndirectInputEvents = YES;
				INFOPLIST_KEY_UILaunchScreen_Generation = YES;
				INFOPLIST_KEY_UISupportedInterfaceOrientations_iPad = "UIInterfaceOrientationPortrait UIInterfaceOrientationPortraitUpsideDown UIInterfaceOrientationLandscapeLeft UIInterfaceOrientationLandscapeRight";
				INFOPLIST_KEY_UISupportedInterfaceOrientations_iPhone = "UIInterfaceOrientationPortrait UIInterfaceOrientationLandscapeLeft UIInterfaceOrientationLandscapeRight";
				LD_RUNPATH_SEARCH_PATHS = (
					"$(inherited)",
					"@executable_path/Frameworks",
				);
				MARKETING_VERSION = 1.0;
				PRODUCT_BUNDLE_IDENTIFIER = com.jjmr.ChainTechDemo;
				PRODUCT_NAME = "$(TARGET_NAME)";
				SWIFT_EMIT_LOC_STRINGS = YES;
				SWIFT_VERSION = 5.0;
				TARGETED_DEVICE_FAMILY = "1,2";
			};
			name = Debug;
		};
		3862A7032C9997F5009AD567 /* Release */ = {
			isa = XCBuildConfiguration;
			buildSettings = {
				ASSETCATALOG_COMPILER_APPICON_NAME = AppIcon;
				ASSETCATALOG_COMPILER_GLOBAL_ACCENT_COLOR_NAME = AccentColor;
				CODE_SIGN_STYLE = Automatic;
				CURRENT_PROJECT_VERSION = 1;
				DEVELOPMENT_ASSET_PATHS = "\"ChainTechDemo/Preview Content\"";
				DEVELOPMENT_TEAM = W67H4LNHQ4;
				ENABLE_PREVIEWS = YES;
				GENERATE_INFOPLIST_FILE = YES;
				INFOPLIST_KEY_NSFaceIDUsageDescription = "\"We use Face ID to authenticate your identity securely and protect your data.";
				INFOPLIST_KEY_UIApplicationSceneManifest_Generation = YES;
				INFOPLIST_KEY_UIApplicationSupportsIndirectInputEvents = YES;
				INFOPLIST_KEY_UILaunchScreen_Generation = YES;
				INFOPLIST_KEY_UISupportedInterfaceOrientations_iPad = "UIInterfaceOrientationPortrait UIInterfaceOrientationPortraitUpsideDown UIInterfaceOrientationLandscapeLeft UIInterfaceOrientationLandscapeRight";
				INFOPLIST_KEY_UISupportedInterfaceOrientations_iPhone = "UIInterfaceOrientationPortrait UIInterfaceOrientationLandscapeLeft UIInterfaceOrientationLandscapeRight";
				LD_RUNPATH_SEARCH_PATHS = (
					"$(inherited)",
					"@executable_path/Frameworks",
				);
				MARKETING_VERSION = 1.0;
				PRODUCT_BUNDLE_IDENTIFIER = com.jjmr.ChainTechDemo;
				PRODUCT_NAME = "$(TARGET_NAME)";
				SWIFT_EMIT_LOC_STRINGS = YES;
				SWIFT_VERSION = 5.0;
				TARGETED_DEVICE_FAMILY = "1,2";
			};
			name = Release;
		};
		3862A7052C9997F5009AD567 /* Debug */ = {
			isa = XCBuildConfiguration;
			buildSettings = {
				ALWAYS_EMBED_SWIFT_STANDARD_LIBRARIES = YES;
				BUNDLE_LOADER = "$(TEST_HOST)";
				CODE_SIGN_STYLE = Automatic;
				CURRENT_PROJECT_VERSION = 1;
				DEVELOPMENT_TEAM = W67H4LNHQ4;
				GENERATE_INFOPLIST_FILE = YES;
				IPHONEOS_DEPLOYMENT_TARGET = 17.5;
				MARKETING_VERSION = 1.0;
				PRODUCT_BUNDLE_IDENTIFIER = com.jjmr.ChainTechDemoTests;
				PRODUCT_NAME = "$(TARGET_NAME)";
				SWIFT_EMIT_LOC_STRINGS = NO;
				SWIFT_VERSION = 5.0;
				TARGETED_DEVICE_FAMILY = "1,2";
				TEST_HOST = "$(BUILT_PRODUCTS_DIR)/ChainTechDemo.app/$(BUNDLE_EXECUTABLE_FOLDER_PATH)/ChainTechDemo";
			};
			name = Debug;
		};
		3862A7062C9997F5009AD567 /* Release */ = {
			isa = XCBuildConfiguration;
			buildSettings = {
				ALWAYS_EMBED_SWIFT_STANDARD_LIBRARIES = YES;
				BUNDLE_LOADER = "$(TEST_HOST)";
				CODE_SIGN_STYLE = Automatic;
				CURRENT_PROJECT_VERSION = 1;
				DEVELOPMENT_TEAM = W67H4LNHQ4;
				GENERATE_INFOPLIST_FILE = YES;
				IPHONEOS_DEPLOYMENT_TARGET = 17.5;
				MARKETING_VERSION = 1.0;
				PRODUCT_BUNDLE_IDENTIFIER = com.jjmr.ChainTechDemoTests;
				PRODUCT_NAME = "$(TARGET_NAME)";
				SWIFT_EMIT_LOC_STRINGS = NO;
				SWIFT_VERSION = 5.0;
				TARGETED_DEVICE_FAMILY = "1,2";
				TEST_HOST = "$(BUILT_PRODUCTS_DIR)/ChainTechDemo.app/$(BUNDLE_EXECUTABLE_FOLDER_PATH)/ChainTechDemo";
			};
			name = Release;
		};
		3862A7082C9997F5009AD567 /* Debug */ = {
			isa = XCBuildConfiguration;
			buildSettings = {
				ALWAYS_EMBED_SWIFT_STANDARD_LIBRARIES = YES;
				CODE_SIGN_STYLE = Automatic;
				CURRENT_PROJECT_VERSION = 1;
				DEVELOPMENT_TEAM = W67H4LNHQ4;
				GENERATE_INFOPLIST_FILE = YES;
				MARKETING_VERSION = 1.0;
				PRODUCT_BUNDLE_IDENTIFIER = com.jjmr.ChainTechDemoUITests;
				PRODUCT_NAME = "$(TARGET_NAME)";
				SWIFT_EMIT_LOC_STRINGS = NO;
				SWIFT_VERSION = 5.0;
				TARGETED_DEVICE_FAMILY = "1,2";
				TEST_TARGET_NAME = ChainTechDemo;
			};
			name = Debug;
		};
		3862A7092C9997F5009AD567 /* Release */ = {
			isa = XCBuildConfiguration;
			buildSettings = {
				ALWAYS_EMBED_SWIFT_STANDARD_LIBRARIES = YES;
				CODE_SIGN_STYLE = Automatic;
				CURRENT_PROJECT_VERSION = 1;
				DEVELOPMENT_TEAM = W67H4LNHQ4;
				GENERATE_INFOPLIST_FILE = YES;
				MARKETING_VERSION = 1.0;
				PRODUCT_BUNDLE_IDENTIFIER = com.jjmr.ChainTechDemoUITests;
				PRODUCT_NAME = "$(TARGET_NAME)";
				SWIFT_EMIT_LOC_STRINGS = NO;
				SWIFT_VERSION = 5.0;
				TARGETED_DEVICE_FAMILY = "1,2";
				TEST_TARGET_NAME = ChainTechDemo;
			};
			name = Release;
		};
/* End XCBuildConfiguration section */

/* Begin XCConfigurationList section */
		3862A6D32C9997F1009AD567 /* Build configuration list for PBXProject "ChainTechDemo" */ = {
			isa = XCConfigurationList;
			buildConfigurations = (
				3862A6FF2C9997F5009AD567 /* Debug */,
				3862A7002C9997F5009AD567 /* Release */,
			);
			defaultConfigurationIsVisible = 0;
			defaultConfigurationName = Release;
		};
		3862A7012C9997F5009AD567 /* Build configuration list for PBXNativeTarget "ChainTechDemo" */ = {
			isa = XCConfigurationList;
			buildConfigurations = (
				3862A7022C9997F5009AD567 /* Debug */,
				3862A7032C9997F5009AD567 /* Release */,
			);
			defaultConfigurationIsVisible = 0;
			defaultConfigurationName = Release;
		};
		3862A7042C9997F5009AD567 /* Build configuration list for PBXNativeTarget "ChainTechDemoTests" */ = {
			isa = XCConfigurationList;
			buildConfigurations = (
				3862A7052C9997F5009AD567 /* Debug */,
				3862A7062C9997F5009AD567 /* Release */,
			);
			defaultConfigurationIsVisible = 0;
			defaultConfigurationName = Release;
		};
		3862A7072C9997F5009AD567 /* Build configuration list for PBXNativeTarget "ChainTechDemoUITests" */ = {
			isa = XCConfigurationList;
			buildConfigurations = (
				3862A7082C9997F5009AD567 /* Debug */,
				3862A7092C9997F5009AD567 /* Release */,
			);
			defaultConfigurationIsVisible = 0;
			defaultConfigurationName = Release;
		};
/* End XCConfigurationList section */

/* Begin XCVersionGroup section */
		3862A6E62C9997F5009AD567 /* ChainTechDemo.xcdatamodeld */ = {
			isa = XCVersionGroup;
			children = (
				3862A6E72C9997F5009AD567 /* ChainTechDemo.xcdatamodel */,
			);
			currentVersion = 3862A6E72C9997F5009AD567 /* ChainTechDemo.xcdatamodel */;
			path = ChainTechDemo.xcdatamodeld;
			sourceTree = "<group>";
			versionGroupType = wrapper.xcdatamodel;
		};
/* End XCVersionGroup section */
	};
	rootObject = 3862A6D02C9997F1009AD567 /* Project object */;
}
